
Microsoft Visual Studio Solution File, Format Version 12.00
# Visual Studio Version 16
VisualStudioVersion = 16.0.31605.320
MinimumVisualStudioVersion = 10.0.40219.1
Project("{FAE04EC0-301F-11D3-BF4B-00C04F79EFBC}") = "BE-Microservice1", "BE-Microservice1\BE-Microservice1.csproj", "{960CC451-ABCD-4E4A-93CE-32E1F2026D1E}"
EndProject
Global
	GlobalSection(SolutionConfigurationPlatforms) = preSolution
		Debug|Any CPU = Debug|Any CPU
		Release|Any CPU = Release|Any CPU
	EndGlobalSection
	GlobalSection(ProjectConfigurationPlatforms) = postSolution
		{960CC451-ABCD-4E4A-93CE-32E1F2026D1E}.Debug|Any CPU.ActiveCfg = Debug|Any CPU
		{960CC451-ABCD-4E4A-93CE-32E1F2026D1E}.Debug|Any CPU.Build.0 = Debug|Any CPU
		{960CC451-ABCD-4E4A-93CE-32E1F2026D1E}.Release|Any CPU.ActiveCfg = Release|Any CPU
		{960CC451-ABCD-4E4A-93CE-32E1F2026D1E}.Release|Any CPU.Build.0 = Release|Any CPU
	EndGlobalSection
	GlobalSection(SolutionProperties) = preSolution
		HideSolutionNode = FALSE
	EndGlobalSection
	GlobalSection(ExtensibilityGlobals) = postSolution
		SolutionGuid = {D4D4D0CF-2A93-474E-A5C1-D7C030951CBB}
	EndGlobalSection
EndGlobal
